Microsoft Visual Studio Solution File, Format Version 11.00
# Visual Studio 2008

Project("{14987B30-CE1B-E255-FD2D-24457FC7C102}") = "piratetime", "Assembly-CSharp-firstpass.csproj", "{C82F60DA-183D-037A-C70D-12F90B6918EF}"
EndProject
Project("{14987B30-CE1B-E255-FD2D-24457FC7C102}") = "piratetime", "Assembly-CSharp.csproj", "{87A50AD2-8C21-9A4C-BC13-D3D0503F744C}"
EndProject
Project("{14987B30-CE1B-E255-FD2D-24457FC7C102}") = "piratetime", "Assembly-UnityScript-firstpass.unityproj", "{7E096FC4-7F40-06A8-B028-B7F923741E20}"
EndProject
Global
	GlobalSection(SolutionConfigurationPlatforms) = preSolution
		Debug|Any CPU = Debug|Any CPU
		Release|Any CPU = Release|Any CPU
	EndGlobalSection
	GlobalSection(ProjectConfigurationPlatforms) = postSolution
		{C82F60DA-183D-037A-C70D-12F90B6918EF}.Debug|Any CPU.ActiveCfg = Debug|Any CPU
		{C82F60DA-183D-037A-C70D-12F90B6918EF}.Debug|Any CPU.Build.0 = Debug|Any CPU
		{C82F60DA-183D-037A-C70D-12F90B6918EF}.Release|Any CPU.ActiveCfg = Release|Any CPU
		{C82F60DA-183D-037A-C70D-12F90B6918EF}.Release|Any CPU.Build.0 = Release|Any CPU
		{87A50AD2-8C21-9A4C-BC13-D3D0503F744C}.Debug|Any CPU.ActiveCfg = Debug|Any CPU
		{87A50AD2-8C21-9A4C-BC13-D3D0503F744C}.Debug|Any CPU.Build.0 = Debug|Any CPU
		{87A50AD2-8C21-9A4C-BC13-D3D0503F744C}.Release|Any CPU.ActiveCfg = Release|Any CPU
		{87A50AD2-8C21-9A4C-BC13-D3D0503F744C}.Release|Any CPU.Build.0 = Release|Any CPU
		{7E096FC4-7F40-06A8-B028-B7F923741E20}.Debug|Any CPU.ActiveCfg = Debug|Any CPU
		{7E096FC4-7F40-06A8-B028-B7F923741E20}.Debug|Any CPU.Build.0 = Debug|Any CPU
		{7E096FC4-7F40-06A8-B028-B7F923741E20}.Release|Any CPU.ActiveCfg = Release|Any CPU
		{7E096FC4-7F40-06A8-B028-B7F923741E20}.Release|Any CPU.Build.0 = Release|Any CPU
	EndGlobalSection
	GlobalSection(SolutionProperties) = preSolution
		HideSolutionNode = FALSE
	EndGlobalSection
																																																												GlobalSection(MonoDevelopProperties) = preSolution
		StartupItem = Assembly-CSharp.csproj
		Policies = $0
		$0.TextStylePolicy = $1
		$1.inheritsSet = null
		$1.scope = text/x-csharp
		$0.CSharpFormattingPolicy = $2
		$2.inheritsSet = Mono
		$2.inheritsScope = text/x-csharp
		$2.scope = text/x-csharp
		$0.TextStylePolicy = $3
		$3.FileWidth = 120
		$3.TabWidth = 4
		$3.EolMarker = Unix
		$3.inheritsSet = Mono
		$3.inheritsScope = text/plain
		$3.scope = text/plain
	EndGlobalSection

EndGlobal
